// !$*UTF8*$!
{
	archiveVersion = 1;
	classes = {
	};
	objectVersion = 54;
	objects = {

/* Begin PBXBuildFile section */
		1B44AED485D9394DD883F332 /* Pods_Assignment.framework in Frameworks */ = {isa = PBXBuildFile; fileRef = 6D2799B1FEEB655B88FE4798 /* Pods_Assignment.framework */; };
		9AF1D48C5368C64BBC74C2EE /* Pods_AssignmentTests.framework in Frameworks */ = {isa = PBXBuildFile; fileRef = 48B1D76E2DBC220F8DCAE89B /* Pods_AssignmentTests.framework */; };
		CFAEF21A299DD8BF006A9DE0 /* AppDelegate.swift in Sources */ = {isa = PBXBuildFile; fileRef = CFAEF219299DD8BF006A9DE0 /* AppDelegate.swift */; };
		CFAEF21E299DD8BF006A9DE0 /* ViewController.swift in Sources */ = {isa = PBXBuildFile; fileRef = CFAEF21D299DD8BF006A9DE0 /* ViewController.swift */; };
		CFAEF221299DD8BF006A9DE0 /* Main.storyboard in Resources */ = {isa = PBXBuildFile; fileRef = CFAEF21F299DD8BF006A9DE0 /* Main.storyboard */; };
		CFAEF223299DD8C2006A9DE0 /* Assets.xcassets in Resources */ = {isa = PBXBuildFile; fileRef = CFAEF222299DD8C2006A9DE0 /* Assets.xcassets */; };
		CFAEF226299DD8C2006A9DE0 /* LaunchScreen.storyboard in Resources */ = {isa = PBXBuildFile; fileRef = CFAEF224299DD8C2006A9DE0 /* LaunchScreen.storyboard */; };
		CFAEF231299DD8C2006A9DE0 /* AssignmentTests.swift in Sources */ = {isa = PBXBuildFile; fileRef = CFAEF230299DD8C2006A9DE0 /* AssignmentTests.swift */; };
		CFAEF23B299DD8C2006A9DE0 /* AssignmentUITests.swift in Sources */ = {isa = PBXBuildFile; fileRef = CFAEF23A299DD8C2006A9DE0 /* AssignmentUITests.swift */; };
		CFAEF23D299DD8C2006A9DE0 /* AssignmentUITestsLaunchTests.swift in Sources */ = {isa = PBXBuildFile; fileRef = CFAEF23C299DD8C2006A9DE0 /* AssignmentUITestsLaunchTests.swift */; };
		CFAEF24E299DE259006A9DE0 /* EventCell.swift in Sources */ = {isa = PBXBuildFile; fileRef = CFAEF24C299DE259006A9DE0 /* EventCell.swift */; };
		CFAEF24F299DE259006A9DE0 /* EventCell.xib in Resources */ = {isa = PBXBuildFile; fileRef = CFAEF24D299DE259006A9DE0 /* EventCell.xib */; };
		CFAEF255299DF9AB006A9DE0 /* ViewControllerExtension.swift in Sources */ = {isa = PBXBuildFile; fileRef = CFAEF254299DF9AB006A9DE0 /* ViewControllerExtension.swift */; };
		CFAEF25A299DFA3E006A9DE0 /* TVCell.swift in Sources */ = {isa = PBXBuildFile; fileRef = CFAEF258299DFA3E006A9DE0 /* TVCell.swift */; };
		CFAEF25B299DFA3E006A9DE0 /* TVCell.xib in Resources */ = {isa = PBXBuildFile; fileRef = CFAEF259299DFA3E006A9DE0 /* TVCell.xib */; };
		CFAEF25D299DFBA1006A9DE0 /* DataViewModel.swift in Sources */ = {isa = PBXBuildFile; fileRef = CFAEF25C299DFBA1006A9DE0 /* DataViewModel.swift */; };
		CFAEF25F299DFBED006A9DE0 /* RecommendEvent.swift in Sources */ = {isa = PBXBuildFile; fileRef = CFAEF25E299DFBED006A9DE0 /* RecommendEvent.swift */; };
		CFAEF262299DFC0C006A9DE0 /* NewEvent.swift in Sources */ = {isa = PBXBuildFile; fileRef = CFAEF261299DFC0C006A9DE0 /* NewEvent.swift */; };
		CFAEF264299DFC27006A9DE0 /* YSTv.swift in Sources */ = {isa = PBXBuildFile; fileRef = CFAEF263299DFC27006A9DE0 /* YSTv.swift */; };
		CFAEF266299E06F9006A9DE0 /* LoadData.swift in Sources */ = {isa = PBXBuildFile; fileRef = CFAEF265299E06F9006A9DE0 /* LoadData.swift */; };
		CFAEF268299E093D006A9DE0 /* Controller.swift in Sources */ = {isa = PBXBuildFile; fileRef = CFAEF267299E093D006A9DE0 /* Controller.swift */; };
		CFAEF26A299E1833006A9DE0 /* Banner.swift in Sources */ = {isa = PBXBuildFile; fileRef = CFAEF269299E1833006A9DE0 /* Banner.swift */; };
		CFAEF26C299E1847006A9DE0 /* Tag.swift in Sources */ = {isa = PBXBuildFile; fileRef = CFAEF26B299E1847006A9DE0 /* Tag.swift */; };
		CFAEF272299E5F0C006A9DE0 /* MainHeaderView.swift in Sources */ = {isa = PBXBuildFile; fileRef = CFAEF271299E5F0C006A9DE0 /* MainHeaderView.swift */; };
		CFAEF274299E5F16006A9DE0 /* MainHeaderView.xib in Resources */ = {isa = PBXBuildFile; fileRef = CFAEF273299E5F16006A9DE0 /* MainHeaderView.xib */; };
		CFAEF276299E66A3006A9DE0 /* SectionHeaderView.swift in Sources */ = {isa = PBXBuildFile; fileRef = CFAEF275299E66A3006A9DE0 /* SectionHeaderView.swift */; };
		CFAEF278299E66A9006A9DE0 /* SectionHeaderView.xib in Resources */ = {isa = PBXBuildFile; fileRef = CFAEF277299E66A9006A9DE0 /* SectionHeaderView.xib */; };
		CFAEF27A299EA2AA006A9DE0 /* Extension.swift in Sources */ = {isa = PBXBuildFile; fileRef = CFAEF279299EA2AA006A9DE0 /* Extension.swift */; };
		CFAEF27C299EA7A2006A9DE0 /* Loading.xib in Resources */ = {isa = PBXBuildFile; fileRef = CFAEF27B299EA7A2006A9DE0 /* Loading.xib */; };
		CFAEF27E299EA7B0006A9DE0 /* Loading.swift in Sources */ = {isa = PBXBuildFile; fileRef = CFAEF27D299EA7B0006A9DE0 /* Loading.swift */; };
		CFAEF280299EA883006A9DE0 /* SystemManager.swift in Sources */ = {isa = PBXBuildFile; fileRef = CFAEF27F299EA883006A9DE0 /* SystemManager.swift */; };
		CFAEF283299EB321006A9DE0 /* DetailViewController.swift in Sources */ = {isa = PBXBuildFile; fileRef = CFAEF282299EB321006A9DE0 /* DetailViewController.swift */; };
		CFAEF285299EB32A006A9DE0 /* Detail.storyboard in Resources */ = {isa = PBXBuildFile; fileRef = CFAEF284299EB32A006A9DE0 /* Detail.storyboard */; };
		CFAEF287299EBA25006A9DE0 /* Enums.swift in Sources */ = {isa = PBXBuildFile; fileRef = CFAEF286299EBA25006A9DE0 /* Enums.swift */; };
		FC66C854A4E9213F673662DE /* Pods_Assignment_AssignmentUITests.framework in Frameworks */ = {isa = PBXBuildFile; fileRef = BFDF47CCB69B3699409BC33F /* Pods_Assignment_AssignmentUITests.framework */; };
/* End PBXBuildFile section */

/* Begin PBXContainerItemProxy section */
		CFAEF22D299DD8C2006A9DE0 /* PBXContainerItemProxy */ = {
			isa = PBXContainerItemProxy;
			containerPortal = CFAEF20E299DD8BF006A9DE0 /* Project object */;
			proxyType = 1;
			remoteGlobalIDString = CFAEF215299DD8BF006A9DE0;
			remoteInfo = Assignment;
		};
		CFAEF237299DD8C2006A9DE0 /* PBXContainerItemProxy */ = {
			isa = PBXContainerItemProxy;
			containerPortal = CFAEF20E299DD8BF006A9DE0 /* Project object */;
			proxyType = 1;
			remoteGlobalIDString = CFAEF215299DD8BF006A9DE0;
			remoteInfo = Assignment;
		};
/* End PBXContainerItemProxy section */

/* Begin PBXFileReference section */
		3031201B9B93AC075CD50B1F /* Pods-Assignment-AssignmentUITests.debug.xcconfig */ = {isa = PBXFileReference; includeInIndex = 1; lastKnownFileType = text.xcconfig; name = "Pods-Assignment-AssignmentUITests.debug.xcconfig"; path = "Target Support Files/Pods-Assignment-AssignmentUITests/Pods-Assignment-AssignmentUITests.debug.xcconfig"; sourceTree = "<group>"; };
		321BA6A70C5B1E922C6256EC /* Pods-Assignment.release.xcconfig */ = {isa = PBXFileReference; includeInIndex = 1; lastKnownFileType = text.xcconfig; name = "Pods-Assignment.release.xcconfig"; path = "Target Support Files/Pods-Assignment/Pods-Assignment.release.xcconfig"; sourceTree = "<group>"; };
		3D5ECA7482F4DD9D0BB8ADCE /* Pods-Assignment.debug.xcconfig */ = {isa = PBXFileReference; includeInIndex = 1; lastKnownFileType = text.xcconfig; name = "Pods-Assignment.debug.xcconfig"; path = "Target Support Files/Pods-Assignment/Pods-Assignment.debug.xcconfig"; sourceTree = "<group>"; };
		48B1D76E2DBC220F8DCAE89B /* Pods_AssignmentTests.framework */ = {isa = PBXFileReference; explicitFileType = wrapper.framework; includeInIndex = 0; path = Pods_AssignmentTests.framework; sourceTree = BUILT_PRODUCTS_DIR; };
		6D2799B1FEEB655B88FE4798 /* Pods_Assignment.framework */ = {isa = PBXFileReference; explicitFileType = wrapper.framework; includeInIndex = 0; path = Pods_Assignment.framework; sourceTree = BUILT_PRODUCTS_DIR; };
		8552EE0CC7A7CA6EEF66969C /* Pods-AssignmentTests.release.xcconfig */ = {isa = PBXFileReference; includeInIndex = 1; lastKnownFileType = text.xcconfig; name = "Pods-AssignmentTests.release.xcconfig"; path = "Target Support Files/Pods-AssignmentTests/Pods-AssignmentTests.release.xcconfig"; sourceTree = "<group>"; };
		97E660CAEFE2205D03003CBD /* Pods-AssignmentTests.debug.xcconfig */ = {isa = PBXFileReference; includeInIndex = 1; lastKnownFileType = text.xcconfig; name = "Pods-AssignmentTests.debug.xcconfig"; path = "Target Support Files/Pods-AssignmentTests/Pods-AssignmentTests.debug.xcconfig"; sourceTree = "<group>"; };
		BDB3CDCA99E1A88AC20A43F6 /* Pods-Assignment-AssignmentUITests.release.xcconfig */ = {isa = PBXFileReference; includeInIndex = 1; lastKnownFileType = text.xcconfig; name = "Pods-Assignment-AssignmentUITests.release.xcconfig"; path = "Target Support Files/Pods-Assignment-AssignmentUITests/Pods-Assignment-AssignmentUITests.release.xcconfig"; sourceTree = "<group>"; };
		BFDF47CCB69B3699409BC33F /* Pods_Assignment_AssignmentUITests.framework */ = {isa = PBXFileReference; explicitFileType = wrapper.framework; includeInIndex = 0; path = Pods_Assignment_AssignmentUITests.framework; sourceTree = BUILT_PRODUCTS_DIR; };
		CFAEF216299DD8BF006A9DE0 /* Assignment.app */ = {isa = PBXFileReference; explicitFileType = wrapper.application; includeInIndex = 0; path = Assignment.app; sourceTree = BUILT_PRODUCTS_DIR; };
		CFAEF219299DD8BF006A9DE0 /* AppDelegate.swift */ = {isa = PBXFileReference; lastKnownFileType = sourcecode.swift; path = AppDelegate.swift; sourceTree = "<group>"; };
		CFAEF21D299DD8BF006A9DE0 /* ViewController.swift */ = {isa = PBXFileReference; lastKnownFileType = sourcecode.swift; path = ViewController.swift; sourceTree = "<group>"; };
		CFAEF220299DD8BF006A9DE0 /* Base */ = {isa = PBXFileReference; lastKnownFileType = file.storyboard; name = Base; path = Base.lproj/Main.storyboard; sourceTree = "<group>"; };
		CFAEF222299DD8C2006A9DE0 /* Assets.xcassets */ = {isa = PBXFileReference; lastKnownFileType = folder.assetcatalog; path = Assets.xcassets; sourceTree = "<group>"; };
		CFAEF225299DD8C2006A9DE0 /* Base */ = {isa = PBXFileReference; lastKnownFileType = file.storyboard; name = Base; path = Base.lproj/LaunchScreen.storyboard; sourceTree = "<group>"; };
		CFAEF227299DD8C2006A9DE0 /* Info.plist */ = {isa = PBXFileReference; lastKnownFileType = text.plist.xml; path = Info.plist; sourceTree = "<group>"; };
		CFAEF22C299DD8C2006A9DE0 /* AssignmentTests.xctest */ = {isa = PBXFileReference; explicitFileType = wrapper.cfbundle; includeInIndex = 0; path = AssignmentTests.xctest; sourceTree = BUILT_PRODUCTS_DIR; };
		CFAEF230299DD8C2006A9DE0 /* AssignmentTests.swift */ = {isa = PBXFileReference; lastKnownFileType = sourcecode.swift; path = AssignmentTests.swift; sourceTree = "<group>"; };
		CFAEF236299DD8C2006A9DE0 /* AssignmentUITests.xctest */ = {isa = PBXFileReference; explicitFileType = wrapper.cfbundle; includeInIndex = 0; path = AssignmentUITests.xctest; sourceTree = BUILT_PRODUCTS_DIR; };
		CFAEF23A299DD8C2006A9DE0 /* AssignmentUITests.swift */ = {isa = PBXFileReference; lastKnownFileType = sourcecode.swift; path = AssignmentUITests.swift; sourceTree = "<group>"; };
		CFAEF23C299DD8C2006A9DE0 /* AssignmentUITestsLaunchTests.swift */ = {isa = PBXFileReference; lastKnownFileType = sourcecode.swift; path = AssignmentUITestsLaunchTests.swift; sourceTree = "<group>"; };
		CFAEF24C299DE259006A9DE0 /* EventCell.swift */ = {isa = PBXFileReference; lastKnownFileType = sourcecode.swift; path = EventCell.swift; sourceTree = "<group>"; };
		CFAEF24D299DE259006A9DE0 /* EventCell.xib */ = {isa = PBXFileReference; lastKnownFileType = file.xib; path = EventCell.xib; sourceTree = "<group>"; };
		CFAEF254299DF9AB006A9DE0 /* ViewControllerExtension.swift */ = {isa = PBXFileReference; lastKnownFileType = sourcecode.swift; path = ViewControllerExtension.swift; sourceTree = "<group>"; };
		CFAEF258299DFA3E006A9DE0 /* TVCell.swift */ = {isa = PBXFileReference; lastKnownFileType = sourcecode.swift; path = TVCell.swift; sourceTree = "<group>"; };
		CFAEF259299DFA3E006A9DE0 /* TVCell.xib */ = {isa = PBXFileReference; lastKnownFileType = file.xib; path = TVCell.xib; sourceTree = "<group>"; };
		CFAEF25C299DFBA1006A9DE0 /* DataViewModel.swift */ = {isa = PBXFileReference; lastKnownFileType = sourcecode.swift; path = DataViewModel.swift; sourceTree = "<group>"; };
		CFAEF25E299DFBED006A9DE0 /* RecommendEvent.swift */ = {isa = PBXFileReference; lastKnownFileType = sourcecode.swift; path = RecommendEvent.swift; sourceTree = "<group>"; };
		CFAEF261299DFC0C006A9DE0 /* NewEvent.swift */ = {isa = PBXFileReference; lastKnownFileType = sourcecode.swift; path = NewEvent.swift; sourceTree = "<group>"; };
		CFAEF263299DFC27006A9DE0 /* YSTv.swift */ = {isa = PBXFileReference; lastKnownFileType = sourcecode.swift; path = YSTv.swift; sourceTree = "<group>"; };
		CFAEF265299E06F9006A9DE0 /* LoadData.swift */ = {isa = PBXFileReference; lastKnownFileType = sourcecode.swift; path = LoadData.swift; sourceTree = "<group>"; };
		CFAEF267299E093D006A9DE0 /* Controller.swift */ = {isa = PBXFileReference; lastKnownFileType = sourcecode.swift; path = Controller.swift; sourceTree = "<group>"; };
		CFAEF269299E1833006A9DE0 /* Banner.swift */ = {isa = PBXFileReference; lastKnownFileType = sourcecode.swift; path = Banner.swift; sourceTree = "<group>"; };
		CFAEF26B299E1847006A9DE0 /* Tag.swift */ = {isa = PBXFileReference; lastKnownFileType = sourcecode.swift; path = Tag.swift; sourceTree = "<group>"; };
		CFAEF271299E5F0C006A9DE0 /* MainHeaderView.swift */ = {isa = PBXFileReference; lastKnownFileType = sourcecode.swift; path = MainHeaderView.swift; sourceTree = "<group>"; };
		CFAEF273299E5F16006A9DE0 /* MainHeaderView.xib */ = {isa = PBXFileReference; lastKnownFileType = file.xib; path = MainHeaderView.xib; sourceTree = "<group>"; };
		CFAEF275299E66A3006A9DE0 /* SectionHeaderView.swift */ = {isa = PBXFileReference; lastKnownFileType = sourcecode.swift; path = SectionHeaderView.swift; sourceTree = "<group>"; };
		CFAEF277299E66A9006A9DE0 /* SectionHeaderView.xib */ = {isa = PBXFileReference; lastKnownFileType = file.xib; path = SectionHeaderView.xib; sourceTree = "<group>"; };
		CFAEF279299EA2AA006A9DE0 /* Extension.swift */ = {isa = PBXFileReference; lastKnownFileType = sourcecode.swift; path = Extension.swift; sourceTree = "<group>"; };
		CFAEF27B299EA7A2006A9DE0 /* Loading.xib */ = {isa = PBXFileReference; lastKnownFileType = file.xib; path = Loading.xib; sourceTree = "<group>"; };
		CFAEF27D299EA7B0006A9DE0 /* Loading.swift */ = {isa = PBXFileReference; lastKnownFileType = sourcecode.swift; path = Loading.swift; sourceTree = "<group>"; };
		CFAEF27F299EA883006A9DE0 /* SystemManager.swift */ = {isa = PBXFileReference; lastKnownFileType = sourcecode.swift; path = SystemManager.swift; sourceTree = "<group>"; };
		CFAEF282299EB321006A9DE0 /* DetailViewController.swift */ = {isa = PBXFileReference; lastKnownFileType = sourcecode.swift; path = DetailViewController.swift; sourceTree = "<group>"; };
		CFAEF284299EB32A006A9DE0 /* Detail.storyboard */ = {isa = PBXFileReference; lastKnownFileType = file.storyboard; path = Detail.storyboard; sourceTree = "<group>"; };
		CFAEF286299EBA25006A9DE0 /* Enums.swift */ = {isa = PBXFileReference; lastKnownFileType = sourcecode.swift; path = Enums.swift; sourceTree = "<group>"; };
/* End PBXFileReference section */

/* Begin PBXFrameworksBuildPhase section */
		CFAEF213299DD8BF006A9DE0 /* Frameworks */ = {
			isa = PBXFrameworksBuildPhase;
			buildActionMask = 2147483647;
			files = (
				1B44AED485D9394DD883F332 /* Pods_Assignment.framework in Frameworks */,
			);
			runOnlyForDeploymentPostprocessing = 0;
		};
		CFAEF229299DD8C2006A9DE0 /* Frameworks */ = {
			isa = PBXFrameworksBuildPhase;
			buildActionMask = 2147483647;
			files = (
				9AF1D48C5368C64BBC74C2EE /* Pods_AssignmentTests.framework in Frameworks */,
			);
			runOnlyForDeploymentPostprocessing = 0;
		};
		CFAEF233299DD8C2006A9DE0 /* Frameworks */ = {
			isa = PBXFrameworksBuildPhase;
			buildActionMask = 2147483647;
			files = (
				FC66C854A4E9213F673662DE /* Pods_Assignment_AssignmentUITests.framework in Frameworks */,
			);
			runOnlyForDeploymentPostprocessing = 0;
		};
/* End PBXFrameworksBuildPhase section */

/* Begin PBXGroup section */
		150694DB9B6C616CA4E37DB0 /* Frameworks */ = {
			isa = PBXGroup;
			children = (
				6D2799B1FEEB655B88FE4798 /* Pods_Assignment.framework */,
				BFDF47CCB69B3699409BC33F /* Pods_Assignment_AssignmentUITests.framework */,
				48B1D76E2DBC220F8DCAE89B /* Pods_AssignmentTests.framework */,
			);
			name = Frameworks;
			sourceTree = "<group>";
		};
		CFAEF20D299DD8BF006A9DE0 = {
			isa = PBXGroup;
			children = (
				CFAEF218299DD8BF006A9DE0 /* Assignment */,
				CFAEF22F299DD8C2006A9DE0 /* AssignmentTests */,
				CFAEF239299DD8C2006A9DE0 /* AssignmentUITests */,
				CFAEF217299DD8BF006A9DE0 /* Products */,
				DBE34CD0A9BEB669399E9FC8 /* Pods */,
				150694DB9B6C616CA4E37DB0 /* Frameworks */,
			);
			sourceTree = "<group>";
		};
		CFAEF217299DD8BF006A9DE0 /* Products */ = {
			isa = PBXGroup;
			children = (
				CFAEF216299DD8BF006A9DE0 /* Assignment.app */,
				CFAEF22C299DD8C2006A9DE0 /* AssignmentTests.xctest */,
				CFAEF236299DD8C2006A9DE0 /* AssignmentUITests.xctest */,
			);
			name = Products;
			sourceTree = "<group>";
		};
		CFAEF218299DD8BF006A9DE0 /* Assignment */ = {
			isa = PBXGroup;
			children = (
				CFAEF224299DD8C2006A9DE0 /* LaunchScreen.storyboard */,
				CFAEF25C299DFBA1006A9DE0 /* DataViewModel.swift */,
				CFAEF267299E093D006A9DE0 /* Controller.swift */,
				CFAEF279299EA2AA006A9DE0 /* Extension.swift */,
				CFAEF286299EBA25006A9DE0 /* Enums.swift */,
				CFAEF260299DFBF4006A9DE0 /* Model */,
				CFAEF249299DE1ED006A9DE0 /* Main */,
				CFAEF24A299DE1FD006A9DE0 /* Detail */,
				CFAEF24B299DE217006A9DE0 /* Xib */,
				CFAEF219299DD8BF006A9DE0 /* AppDelegate.swift */,
				CFAEF222299DD8C2006A9DE0 /* Assets.xcassets */,
				CFAEF227299DD8C2006A9DE0 /* Info.plist */,
				CFAEF27F299EA883006A9DE0 /* SystemManager.swift */,
			);
			path = Assignment;
			sourceTree = "<group>";
		};
		CFAEF22F299DD8C2006A9DE0 /* AssignmentTests */ = {
			isa = PBXGroup;
			children = (
				CFAEF230299DD8C2006A9DE0 /* AssignmentTests.swift */,
			);
			path = AssignmentTests;
			sourceTree = "<group>";
		};
		CFAEF239299DD8C2006A9DE0 /* AssignmentUITests */ = {
			isa = PBXGroup;
			children = (
				CFAEF23A299DD8C2006A9DE0 /* AssignmentUITests.swift */,
				CFAEF23C299DD8C2006A9DE0 /* AssignmentUITestsLaunchTests.swift */,
			);
			path = AssignmentUITests;
			sourceTree = "<group>";
		};
		CFAEF249299DE1ED006A9DE0 /* Main */ = {
			isa = PBXGroup;
			children = (
				CFAEF21D299DD8BF006A9DE0 /* ViewController.swift */,
				CFAEF254299DF9AB006A9DE0 /* ViewControllerExtension.swift */,
				CFAEF21F299DD8BF006A9DE0 /* Main.storyboard */,
			);
			path = Main;
			sourceTree = "<group>";
		};
		CFAEF24A299DE1FD006A9DE0 /* Detail */ = {
			isa = PBXGroup;
			children = (
				CFAEF282299EB321006A9DE0 /* DetailViewController.swift */,
				CFAEF284299EB32A006A9DE0 /* Detail.storyboard */,
			);
			path = Detail;
			sourceTree = "<group>";
		};
		CFAEF24B299DE217006A9DE0 /* Xib */ = {
			isa = PBXGroup;
			children = (
				CFAEF24C299DE259006A9DE0 /* EventCell.swift */,
				CFAEF24D299DE259006A9DE0 /* EventCell.xib */,
				CFAEF258299DFA3E006A9DE0 /* TVCell.swift */,
				CFAEF259299DFA3E006A9DE0 /* TVCell.xib */,
				CFAEF271299E5F0C006A9DE0 /* MainHeaderView.swift */,
				CFAEF273299E5F16006A9DE0 /* MainHeaderView.xib */,
				CFAEF275299E66A3006A9DE0 /* SectionHeaderView.swift */,
				CFAEF277299E66A9006A9DE0 /* SectionHeaderView.xib */,
				CFAEF27D299EA7B0006A9DE0 /* Loading.swift */,
				CFAEF27B299EA7A2006A9DE0 /* Loading.xib */,
			);
			path = Xib;
			sourceTree = "<group>";
		};
		CFAEF260299DFBF4006A9DE0 /* Model */ = {
			isa = PBXGroup;
			children = (
				CFAEF25E299DFBED006A9DE0 /* RecommendEvent.swift */,
				CFAEF261299DFC0C006A9DE0 /* NewEvent.swift */,
				CFAEF263299DFC27006A9DE0 /* YSTv.swift */,
				CFAEF265299E06F9006A9DE0 /* LoadData.swift */,
				CFAEF269299E1833006A9DE0 /* Banner.swift */,
				CFAEF26B299E1847006A9DE0 /* Tag.swift */,
			);
			path = Model;
			sourceTree = "<group>";
		};
		DBE34CD0A9BEB669399E9FC8 /* Pods */ = {
			isa = PBXGroup;
			children = (
				3D5ECA7482F4DD9D0BB8ADCE /* Pods-Assignment.debug.xcconfig */,
				321BA6A70C5B1E922C6256EC /* Pods-Assignment.release.xcconfig */,
				3031201B9B93AC075CD50B1F /* Pods-Assignment-AssignmentUITests.debug.xcconfig */,
				BDB3CDCA99E1A88AC20A43F6 /* Pods-Assignment-AssignmentUITests.release.xcconfig */,
				97E660CAEFE2205D03003CBD /* Pods-AssignmentTests.debug.xcconfig */,
				8552EE0CC7A7CA6EEF66969C /* Pods-AssignmentTests.release.xcconfig */,
			);
			path = Pods;
			sourceTree = "<group>";
		};
/* End PBXGroup section */

/* Begin PBXNativeTarget section */
		CFAEF215299DD8BF006A9DE0 /* Assignment */ = {
			isa = PBXNativeTarget;
			buildConfigurationList = CFAEF240299DD8C2006A9DE0 /* Build configuration list for PBXNativeTarget "Assignment" */;
			buildPhases = (
				3B39277569EF6C572594C87E /* [CP] Check Pods Manifest.lock */,
				CFAEF212299DD8BF006A9DE0 /* Sources */,
				CFAEF213299DD8BF006A9DE0 /* Frameworks */,
				CFAEF214299DD8BF006A9DE0 /* Resources */,
				64F37BBF7F866AECF497F3EF /* [CP] Embed Pods Frameworks */,
			);
			buildRules = (
			);
			dependencies = (
			);
			name = Assignment;
			productName = Assignment;
			productReference = CFAEF216299DD8BF006A9DE0 /* Assignment.app */;
			productType = "com.apple.product-type.application";
		};
		CFAEF22B299DD8C2006A9DE0 /* AssignmentTests */ = {
			isa = PBXNativeTarget;
			buildConfigurationList = CFAEF243299DD8C2006A9DE0 /* Build configuration list for PBXNativeTarget "AssignmentTests" */;
			buildPhases = (
				6F98BF9E794CF7B479127E99 /* [CP] Check Pods Manifest.lock */,
				CFAEF228299DD8C2006A9DE0 /* Sources */,
				CFAEF229299DD8C2006A9DE0 /* Frameworks */,
				CFAEF22A299DD8C2006A9DE0 /* Resources */,
			);
			buildRules = (
			);
			dependencies = (
				CFAEF22E299DD8C2006A9DE0 /* PBXTargetDependency */,
			);
			name = AssignmentTests;
			productName = AssignmentTests;
			productReference = CFAEF22C299DD8C2006A9DE0 /* AssignmentTests.xctest */;
			productType = "com.apple.product-type.bundle.unit-test";
		};
		CFAEF235299DD8C2006A9DE0 /* AssignmentUITests */ = {
			isa = PBXNativeTarget;
			buildConfigurationList = CFAEF246299DD8C2006A9DE0 /* Build configuration list for PBXNativeTarget "AssignmentUITests" */;
			buildPhases = (
				5F50E1A56C8156C0F47B22F9 /* [CP] Check Pods Manifest.lock */,
				CFAEF232299DD8C2006A9DE0 /* Sources */,
				CFAEF233299DD8C2006A9DE0 /* Frameworks */,
				CFAEF234299DD8C2006A9DE0 /* Resources */,
				85FA9F51BC6103964086C155 /* [CP] Embed Pods Frameworks */,
			);
			buildRules = (
			);
			dependencies = (
				CFAEF238299DD8C2006A9DE0 /* PBXTargetDependency */,
			);
			name = AssignmentUITests;
			productName = AssignmentUITests;
			productReference = CFAEF236299DD8C2006A9DE0 /* AssignmentUITests.xctest */;
			productType = "com.apple.product-type.bundle.ui-testing";
		};
/* End PBXNativeTarget section */

/* Begin PBXProject section */
		CFAEF20E299DD8BF006A9DE0 /* Project object */ = {
			isa = PBXProject;
			attributes = {
				BuildIndependentTargetsInParallel = 1;
				LastSwiftUpdateCheck = 1420;
				LastUpgradeCheck = 1420;
				TargetAttributes = {
					CFAEF215299DD8BF006A9DE0 = {
						CreatedOnToolsVersion = 14.2;
					};
					CFAEF22B299DD8C2006A9DE0 = {
						CreatedOnToolsVersion = 14.2;
						TestTargetID = CFAEF215299DD8BF006A9DE0;
					};
					CFAEF235299DD8C2006A9DE0 = {
						CreatedOnToolsVersion = 14.2;
						TestTargetID = CFAEF215299DD8BF006A9DE0;
					};
				};
			};
			buildConfigurationList = CFAEF211299DD8BF006A9DE0 /* Build configuration list for PBXProject "Assignment" */;
			compatibilityVersion = "Xcode 12.0";
			developmentRegion = en;
			hasScannedForEncodings = 0;
			knownRegions = (
				en,
				Base,
			);
			mainGroup = CFAEF20D299DD8BF006A9DE0;
			productRefGroup = CFAEF217299DD8BF006A9DE0 /* Products */;
			projectDirPath = "";
			projectRoot = "";
			targets = (
				CFAEF215299DD8BF006A9DE0 /* Assignment */,
				CFAEF22B299DD8C2006A9DE0 /* AssignmentTests */,
				CFAEF235299DD8C2006A9DE0 /* AssignmentUITests */,
			);
		};
/* End PBXProject section */

/* Begin PBXResourcesBuildPhase section */
		CFAEF214299DD8BF006A9DE0 /* Resources */ = {
			isa = PBXResourcesBuildPhase;
			buildActionMask = 2147483647;
			files = (
				CFAEF24F299DE259006A9DE0 /* EventCell.xib in Resources */,
				CFAEF226299DD8C2006A9DE0 /* LaunchScreen.storyboard in Resources */,
				CFAEF285299EB32A006A9DE0 /* Detail.storyboard in Resources */,
				CFAEF27C299EA7A2006A9DE0 /* Loading.xib in Resources */,
				CFAEF25B299DFA3E006A9DE0 /* TVCell.xib in Resources */,
				CFAEF223299DD8C2006A9DE0 /* Assets.xcassets in Resources */,
				CFAEF221299DD8BF006A9DE0 /* Main.storyboard in Resources */,
				CFAEF274299E5F16006A9DE0 /* MainHeaderView.xib in Resources */,
				CFAEF278299E66A9006A9DE0 /* SectionHeaderView.xib in Resources */,
			);
			runOnlyForDeploymentPostprocessing = 0;
		};
		CFAEF22A299DD8C2006A9DE0 /* Resources */ = {
			isa = PBXResourcesBuildPhase;
			buildActionMask = 2147483647;
			files = (
			);
			runOnlyForDeploymentPostprocessing = 0;
		};
		CFAEF234299DD8C2006A9DE0 /* Resources */ = {
			isa = PBXResourcesBuildPhase;
			buildActionMask = 2147483647;
			files = (
			);
			runOnlyForDeploymentPostprocessing = 0;
		};
/* End PBXResourcesBuildPhase section */

/* Begin PBXShellScriptBuildPhase section */
		3B39277569EF6C572594C87E /* [CP] Check Pods Manifest.lock */ = {
			isa = PBXShellScriptBuildPhase;
			buildActionMask = 2147483647;
			files = (
			);
			inputFileListPaths = (
			);
			inputPaths = (
				"${PODS_PODFILE_DIR_PATH}/Podfile.lock",
				"${PODS_ROOT}/Manifest.lock",
			);
			name = "[CP] Check Pods Manifest.lock";
			outputFileListPaths = (
			);
			outputPaths = (
				"$(DERIVED_FILE_DIR)/Pods-Assignment-checkManifestLockResult.txt",
			);
			runOnlyForDeploymentPostprocessing = 0;
			shellPath = /bin/sh;
			shellScript = "diff \"${PODS_PODFILE_DIR_PATH}/Podfile.lock\" \"${PODS_ROOT}/Manifest.lock\" > /dev/null\nif [ $? != 0 ] ; then\n    # print error to STDERR\n    echo \"error: The sandbox is not in sync with the Podfile.lock. Run 'pod install' or update your CocoaPods installation.\" >&2\n    exit 1\nfi\n# This output is used by Xcode 'outputs' to avoid re-running this script phase.\necho \"SUCCESS\" > \"${SCRIPT_OUTPUT_FILE_0}\"\n";
			showEnvVarsInLog = 0;
		};
		5F50E1A56C8156C0F47B22F9 /* [CP] Check Pods Manifest.lock */ = {
			isa = PBXShellScriptBuildPhase;
			buildActionMask = 2147483647;
			files = (
			);
			inputFileListPaths = (
			);
			inputPaths = (
				"${PODS_PODFILE_DIR_PATH}/Podfile.lock",
				"${PODS_ROOT}/Manifest.lock",
			);
			name = "[CP] Check Pods Manifest.lock";
			outputFileListPaths = (
			);
			outputPaths = (
				"$(DERIVED_FILE_DIR)/Pods-Assignment-AssignmentUITests-checkManifestLockResult.txt",
			);
			runOnlyForDeploymentPostprocessing = 0;
			shellPath = /bin/sh;
			shellScript = "diff \"${PODS_PODFILE_DIR_PATH}/Podfile.lock\" \"${PODS_ROOT}/Manifest.lock\" > /dev/null\nif [ $? != 0 ] ; then\n    # print error to STDERR\n    echo \"error: The sandbox is not in sync with the Podfile.lock. Run 'pod install' or update your CocoaPods installation.\" >&2\n    exit 1\nfi\n# This output is used by Xcode 'outputs' to avoid re-running this script phase.\necho \"SUCCESS\" > \"${SCRIPT_OUTPUT_FILE_0}\"\n";
			showEnvVarsInLog = 0;
		};
		64F37BBF7F866AECF497F3EF /* [CP] Embed Pods Frameworks */ = {
			isa = PBXShellScriptBuildPhase;
			buildActionMask = 2147483647;
			files = (
			);
			inputFileListPaths = (
				"${PODS_ROOT}/Target Support Files/Pods-Assignment/Pods-Assignment-frameworks-${CONFIGURATION}-input-files.xcfilelist",
			);
			name = "[CP] Embed Pods Frameworks";
			outputFileListPaths = (
				"${PODS_ROOT}/Target Support Files/Pods-Assignment/Pods-Assignment-frameworks-${CONFIGURATION}-output-files.xcfilelist",
			);
			runOnlyForDeploymentPostprocessing = 0;
			shellPath = /bin/sh;
			shellScript = "\"${PODS_ROOT}/Target Support Files/Pods-Assignment/Pods-Assignment-frameworks.sh\"\n";
			showEnvVarsInLog = 0;
		};
		6F98BF9E794CF7B479127E99 /* [CP] Check Pods Manifest.lock */ = {
			isa = PBXShellScriptBuildPhase;
			buildActionMask = 2147483647;
			files = (
			);
			inputFileListPaths = (
			);
			inputPaths = (
				"${PODS_PODFILE_DIR_PATH}/Podfile.lock",
				"${PODS_ROOT}/Manifest.lock",
			);
			name = "[CP] Check Pods Manifest.lock";
			outputFileListPaths = (
			);
			outputPaths = (
				"$(DERIVED_FILE_DIR)/Pods-AssignmentTests-checkManifestLockResult.txt",
			);
			runOnlyForDeploymentPostprocessing = 0;
			shellPath = /bin/sh;
			shellScript = "diff \"${PODS_PODFILE_DIR_PATH}/Podfile.lock\" \"${PODS_ROOT}/Manifest.lock\" > /dev/null\nif [ $? != 0 ] ; then\n    # print error to STDERR\n    echo \"error: The sandbox is not in sync with the Podfile.lock. Run 'pod install' or update your CocoaPods installation.\" >&2\n    exit 1\nfi\n# This output is used by Xcode 'outputs' to avoid re-running this script phase.\necho \"SUCCESS\" > \"${SCRIPT_OUTPUT_FILE_0}\"\n";
			showEnvVarsInLog = 0;
		};
		85FA9F51BC6103964086C155 /* [CP] Embed Pods Frameworks */ = {
			isa = PBXShellScriptBuildPhase;
			buildActionMask = 2147483647;
			files = (
			);
			inputFileListPaths = (
				"${PODS_ROOT}/Target Support Files/Pods-Assignment-AssignmentUITests/Pods-Assignment-AssignmentUITests-frameworks-${CONFIGURATION}-input-files.xcfilelist",
			);
			name = "[CP] Embed Pods Frameworks";
			outputFileListPaths = (
				"${PODS_ROOT}/Target Support Files/Pods-Assignment-AssignmentUITests/Pods-Assignment-AssignmentUITests-frameworks-${CONFIGURATION}-output-files.xcfilelist",
			);
			runOnlyForDeploymentPostprocessing = 0;
			shellPath = /bin/sh;
			shellScript = "\"${PODS_ROOT}/Target Support Files/Pods-Assignment-AssignmentUITests/Pods-Assignment-AssignmentUITests-frameworks.sh\"\n";
			showEnvVarsInLog = 0;
		};
/* End PBXShellScriptBuildPhase section */

/* Begin PBXSourcesBuildPhase section */
		CFAEF212299DD8BF006A9DE0 /* Sources */ = {
			isa = PBXSourcesBuildPhase;
			buildActionMask = 2147483647;
			files = (
				CFAEF262299DFC0C006A9DE0 /* NewEvent.swift in Sources */,
				CFAEF27E299EA7B0006A9DE0 /* Loading.swift in Sources */,
				CFAEF287299EBA25006A9DE0 /* Enums.swift in Sources */,
				CFAEF25A299DFA3E006A9DE0 /* TVCell.swift in Sources */,
				CFAEF24E299DE259006A9DE0 /* EventCell.swift in Sources */,
				CFAEF268299E093D006A9DE0 /* Controller.swift in Sources */,
				CFAEF21E299DD8BF006A9DE0 /* ViewController.swift in Sources */,
				CFAEF26A299E1833006A9DE0 /* Banner.swift in Sources */,
				CFAEF25F299DFBED006A9DE0 /* RecommendEvent.swift in Sources */,
				CFAEF280299EA883006A9DE0 /* SystemManager.swift in Sources */,
				CFAEF27A299EA2AA006A9DE0 /* Extension.swift in Sources */,
				CFAEF283299EB321006A9DE0 /* DetailViewController.swift in Sources */,
				CFAEF276299E66A3006A9DE0 /* SectionHeaderView.swift in Sources */,
				CFAEF255299DF9AB006A9DE0 /* ViewControllerExtension.swift in Sources */,
				CFAEF266299E06F9006A9DE0 /* LoadData.swift in Sources */,
				CFAEF272299E5F0C006A9DE0 /* MainHeaderView.swift in Sources */,
				CFAEF21A299DD8BF006A9DE0 /* AppDelegate.swift in Sources */,
				CFAEF264299DFC27006A9DE0 /* YSTv.swift in Sources */,
				CFAEF25D299DFBA1006A9DE0 /* DataViewModel.swift in Sources */,
				CFAEF26C299E1847006A9DE0 /* Tag.swift in Sources */,
			);
			runOnlyForDeploymentPostprocessing = 0;
		};
		CFAEF228299DD8C2006A9DE0 /* Sources */ = {
			isa = PBXSourcesBuildPhase;
			buildActionMask = 2147483647;
			files = (
				CFAEF231299DD8C2006A9DE0 /* AssignmentTests.swift in Sources */,
			);
			runOnlyForDeploymentPostprocessing = 0;
		};
		CFAEF232299DD8C2006A9DE0 /* Sources */ = {
			isa = PBXSourcesBuildPhase;
			buildActionMask = 2147483647;
			files = (
				CFAEF23B299DD8C2006A9DE0 /* AssignmentUITests.swift in Sources */,
				CFAEF23D299DD8C2006A9DE0 /* AssignmentUITestsLaunchTests.swift in Sources */,
			);
			runOnlyForDeploymentPostprocessing = 0;
		};
/* End PBXSourcesBuildPhase section */

/* Begin PBXTargetDependency section */
		CFAEF22E299DD8C2006A9DE0 /* PBXTargetDependency */ = {
			isa = PBXTargetDependency;
			target = CFAEF215299DD8BF006A9DE0 /* Assignment */;
			targetProxy = CFAEF22D299DD8C2006A9DE0 /* PBXContainerItemProxy */;
		};
		CFAEF238299DD8C2006A9DE0 /* PBXTargetDependency */ = {
			isa = PBXTargetDependency;
			target = CFAEF215299DD8BF006A9DE0 /* Assignment */;
			targetProxy = CFAEF237299DD8C2006A9DE0 /* PBXContainerItemProxy */;
		};
/* End PBXTargetDependency section */

/* Begin PBXVariantGroup section */
		CFAEF21F299DD8BF006A9DE0 /* Main.storyboard */ = {
			isa = PBXVariantGroup;
			children = (
				CFAEF220299DD8BF006A9DE0 /* Base */,
			);
			name = Main.storyboard;
			sourceTree = "<group>";
		};
		CFAEF224299DD8C2006A9DE0 /* LaunchScreen.storyboard */ = {
			isa = PBXVariantGroup;
			children = (
				CFAEF225299DD8C2006A9DE0 /* Base */,
			);
			name = LaunchScreen.storyboard;
			sourceTree = "<group>";
		};
/* End PBXVariantGroup section */

/* Begin XCBuildConfiguration section */
		CFAEF23E299DD8C2006A9DE0 /* Debug */ = {
			isa = XCBuildConfiguration;
			buildSettings = {
				ALWAYS_SEARCH_USER_PATHS = NO;
				CLANG_ANALYZER_NONNULL = YES;
				CLANG_ANALYZER_NUMBER_OBJECT_CONVERSION = YES_AGGRESSIVE;
				CLANG_CXX_LANGUAGE_STANDARD = "gnu++20";
				CLANG_ENABLE_MODULES = YES;
				CLANG_ENABLE_OBJC_ARC = YES;
				CLANG_ENABLE_OBJC_WEAK = YES;
				CLANG_WARN_BLOCK_CAPTURE_AUTORELEASING = YES;
				CLANG_WARN_BOOL_CONVERSION = YES;
				CLANG_WARN_COMMA = YES;
				CLANG_WARN_CONSTANT_CONVERSION = YES;
				CLANG_WARN_DEPRECATED_OBJC_IMPLEMENTATIONS = YES;
				CLANG_WARN_DIRECT_OBJC_ISA_USAGE = YES_ERROR;
				CLANG_WARN_DOCUMENTATION_COMMENTS = YES;
				CLANG_WARN_EMPTY_BODY = YES;
				CLANG_WARN_ENUM_CONVERSION = YES;
				CLANG_WARN_INFINITE_RECURSION = YES;
				CLANG_WARN_INT_CONVERSION = YES;
				CLANG_WARN_NON_LITERAL_NULL_CONVERSION = YES;
				CLANG_WARN_OBJC_IMPLICIT_RETAIN_SELF = YES;
				CLANG_WARN_OBJC_LITERAL_CONVERSION = YES;
				CLANG_WARN_OBJC_ROOT_CLASS = YES_ERROR;
				CLANG_WARN_QUOTED_INCLUDE_IN_FRAMEWORK_HEADER = YES;
				CLANG_WARN_RANGE_LOOP_ANALYSIS = YES;
				CLANG_WARN_STRICT_PROTOTYPES = YES;
				CLANG_WARN_SUSPICIOUS_MOVE = YES;
				CLANG_WARN_UNGUARDED_AVAILABILITY = YES_AGGRESSIVE;
				CLANG_WARN_UNREACHABLE_CODE = YES;
				CLANG_WARN__DUPLICATE_METHOD_MATCH = YES;
				COPY_PHASE_STRIP = NO;
				DEBUG_INFORMATION_FORMAT = dwarf;
				ENABLE_STRICT_OBJC_MSGSEND = YES;
				ENABLE_TESTABILITY = YES;
				GCC_C_LANGUAGE_STANDARD = gnu11;
				GCC_DYNAMIC_NO_PIC = NO;
				GCC_NO_COMMON_BLOCKS = YES;
				GCC_OPTIMIZATION_LEVEL = 0;
				GCC_PREPROCESSOR_DEFINITIONS = (
					"DEBUG=1",
					"$(inherited)",
				);
				GCC_WARN_64_TO_32_BIT_CONVERSION = YES;
				GCC_WARN_ABOUT_RETURN_TYPE = YES_ERROR;
				GCC_WARN_UNDECLARED_SELECTOR = YES;
				GCC_WARN_UNINITIALIZED_AUTOS = YES_AGGRESSIVE;
				GCC_WARN_UNUSED_FUNCTION = YES;
				GCC_WARN_UNUSED_VARIABLE = YES;
				IPHONEOS_DEPLOYMENT_TARGET = 11.0;
				MTL_ENABLE_DEBUG_INFO = INCLUDE_SOURCE;
				MTL_FAST_MATH = YES;
				ONLY_ACTIVE_ARCH = YES;
				SDKROOT = iphoneos;
				SWIFT_ACTIVE_COMPILATION_CONDITIONS = DEBUG;
				SWIFT_OPTIMIZATION_LEVEL = "-Onone";
			};
			name = Debug;
		};
		CFAEF23F299DD8C2006A9DE0 /* Release */ = {
			isa = XCBuildConfiguration;
			buildSettings = {
				ALWAYS_SEARCH_USER_PATHS = NO;
				CLANG_ANALYZER_NONNULL = YES;
				CLANG_ANALYZER_NUMBER_OBJECT_CONVERSION = YES_AGGRESSIVE;
				CLANG_CXX_LANGUAGE_STANDARD = "gnu++20";
				CLANG_ENABLE_MODULES = YES;
				CLANG_ENABLE_OBJC_ARC = YES;
				CLANG_ENABLE_OBJC_WEAK = YES;
				CLANG_WARN_BLOCK_CAPTURE_AUTORELEASING = YES;
				CLANG_WARN_BOOL_CONVERSION = YES;
				CLANG_WARN_COMMA = YES;
				CLANG_WARN_CONSTANT_CONVERSION = YES;
				CLANG_WARN_DEPRECATED_OBJC_IMPLEMENTATIONS = YES;
				CLANG_WARN_DIRECT_OBJC_ISA_USAGE = YES_ERROR;
				CLANG_WARN_DOCUMENTATION_COMMENTS = YES;
				CLANG_WARN_EMPTY_BODY = YES;
				CLANG_WARN_ENUM_CONVERSION = YES;
				CLANG_WARN_INFINITE_RECURSION = YES;
				CLANG_WARN_INT_CONVERSION = YES;
				CLANG_WARN_NON_LITERAL_NULL_CONVERSION = YES;
				CLANG_WARN_OBJC_IMPLICIT_RETAIN_SELF = YES;
				CLANG_WARN_OBJC_LITERAL_CONVERSION = YES;
				CLANG_WARN_OBJC_ROOT_CLASS = YES_ERROR;
				CLANG_WARN_QUOTED_INCLUDE_IN_FRAMEWORK_HEADER = YES;
				CLANG_WARN_RANGE_LOOP_ANALYSIS = YES;
				CLANG_WARN_STRICT_PROTOTYPES = YES;
				CLANG_WARN_SUSPICIOUS_MOVE = YES;
				CLANG_WARN_UNGUARDED_AVAILABILITY = YES_AGGRESSIVE;
				CLANG_WARN_UNREACHABLE_CODE = YES;
				CLANG_WARN__DUPLICATE_METHOD_MATCH = YES;
				COPY_PHASE_STRIP = NO;
				DEBUG_INFORMATION_FORMAT = "dwarf-with-dsym";
				ENABLE_NS_ASSERTIONS = NO;
				ENABLE_STRICT_OBJC_MSGSEND = YES;
				GCC_C_LANGUAGE_STANDARD = gnu11;
				GCC_NO_COMMON_BLOCKS = YES;
				GCC_WARN_64_TO_32_BIT_CONVERSION = YES;
				GCC_WARN_ABOUT_RETURN_TYPE = YES_ERROR;
				GCC_WARN_UNDECLARED_SELECTOR = YES;
				GCC_WARN_UNINITIALIZED_AUTOS = YES_AGGRESSIVE;
				GCC_WARN_UNUSED_FUNCTION = YES;
				GCC_WARN_UNUSED_VARIABLE = YES;
				IPHONEOS_DEPLOYMENT_TARGET = 11.0;
				MTL_ENABLE_DEBUG_INFO = NO;
				MTL_FAST_MATH = YES;
				SDKROOT = iphoneos;
				SWIFT_COMPILATION_MODE = wholemodule;
				SWIFT_OPTIMIZATION_LEVEL = "-O";
				VALIDATE_PRODUCT = YES;
			};
			name = Release;
		};
		CFAEF241299DD8C2006A9DE0 /* Debug */ = {
			isa = XCBuildConfiguration;
			baseConfigurationReference = 3D5ECA7482F4DD9D0BB8ADCE /* Pods-Assignment.debug.xcconfig */;
			buildSettings = {
				ASSETCATALOG_COMPILER_APPICON_NAME = AppIcon;
				ASSETCATALOG_COMPILER_GLOBAL_ACCENT_COLOR_NAME = AccentColor;
				CODE_SIGN_STYLE = Automatic;
				CURRENT_PROJECT_VERSION = 1;
				DEVELOPMENT_TEAM = M7QY569K4A;
				GENERATE_INFOPLIST_FILE = YES;
				INFOPLIST_FILE = Assignment/Info.plist;
				INFOPLIST_KEY_UIApplicationSupportsIndirectInputEvents = YES;
				INFOPLIST_KEY_UILaunchStoryboardName = LaunchScreen;
				INFOPLIST_KEY_UIMainStoryboardFile = Main;
				INFOPLIST_KEY_UISupportedInterfaceOrientations_iPad = "UIInterfaceOrientationPortrait UIInterfaceOrientationPortraitUpsideDown UIInterfaceOrientationLandscapeLeft UIInterfaceOrientationLandscapeRight";
				INFOPLIST_KEY_UISupportedInterfaceOrientations_iPhone = "UIInterfaceOrientationPortrait UIInterfaceOrientationLandscapeLeft UIInterfaceOrientationLandscapeRight";
				IPHONEOS_DEPLOYMENT_TARGET = 11.0;
				LD_RUNPATH_SEARCH_PATHS = (
					"$(inherited)",
					"@executable_path/Frameworks",
				);
				MARKETING_VERSION = 1.0;
				PRODUCT_BUNDLE_IDENTIFIER = com.bailey.Assignment;
				PRODUCT_NAME = "$(TARGET_NAME)";
				SWIFT_EMIT_LOC_STRINGS = YES;
				SWIFT_VERSION = 5.0;
				TARGETED_DEVICE_FAMILY = "1,2";
			};
			name = Debug;
		};
		CFAEF242299DD8C2006A9DE0 /* Release */ = {
			isa = XCBuildConfiguration;
			baseConfigurationReference = 321BA6A70C5B1E922C6256EC /* Pods-Assignment.release.xcconfig */;
			buildSettings = {
				ASSETCATALOG_COMPILER_APPICON_NAME = AppIcon;
				ASSETCATALOG_COMPILER_GLOBAL_ACCENT_COLOR_NAME = AccentColor;
				CODE_SIGN_STYLE = Automatic;
				CURRENT_PROJECT_VERSION = 1;
				DEVELOPMENT_TEAM = M7QY569K4A;
				GENERATE_INFOPLIST_FILE = YES;
				INFOPLIST_FILE = Assignment/Info.plist;
				INFOPLIST_KEY_UIApplicationSupportsIndirectInputEvents = YES;
				INFOPLIST_KEY_UILaunchStoryboardName = LaunchScreen;
				INFOPLIST_KEY_UIMainStoryboardFile = Main;
				INFOPLIST_KEY_UISupportedInterfaceOrientations_iPad = "UIInterfaceOrientationPortrait UIInterfaceOrientationPortraitUpsideDown UIInterfaceOrientationLandscapeLeft UIInterfaceOrientationLandscapeRight";
				INFOPLIST_KEY_UISupportedInterfaceOrientations_iPhone = "UIInterfaceOrientationPortrait UIInterfaceOrientationLandscapeLeft UIInterfaceOrientationLandscapeRight";
				IPHONEOS_DEPLOYMENT_TARGET = 11.0;
				LD_RUNPATH_SEARCH_PATHS = (
					"$(inherited)",
					"@executable_path/Frameworks",
				);
				MARKETING_VERSION = 1.0;
				PRODUCT_BUNDLE_IDENTIFIER = com.bailey.Assignment;
				PRODUCT_NAME = "$(TARGET_NAME)";
				SWIFT_EMIT_LOC_STRINGS = YES;
				SWIFT_VERSION = 5.0;
				TARGETED_DEVICE_FAMILY = "1,2";
			};
			name = Release;
		};
		CFAEF244299DD8C2006A9DE0 /* Debug */ = {
			isa = XCBuildConfiguration;
			baseConfigurationReference = 97E660CAEFE2205D03003CBD /* Pods-AssignmentTests.debug.xcconfig */;
			buildSettings = {
				ALWAYS_EMBED_SWIFT_STANDARD_LIBRARIES = YES;
				BUNDLE_LOADER = "$(TEST_HOST)";
				CODE_SIGN_STYLE = Automatic;
				CURRENT_PROJECT_VERSION = 1;
				DEVELOPMENT_TEAM = M7QY569K4A;
				GENERATE_INFOPLIST_FILE = YES;
				IPHONEOS_DEPLOYMENT_TARGET = 11.0;
				MARKETING_VERSION = 1.0;
				PRODUCT_BUNDLE_IDENTIFIER = com.bailey.AssignmentTests;
				PRODUCT_NAME = "$(TARGET_NAME)";
				SWIFT_EMIT_LOC_STRINGS = NO;
				SWIFT_VERSION = 5.0;
				TARGETED_DEVICE_FAMILY = "1,2";
				TEST_HOST = "$(BUILT_PRODUCTS_DIR)/Assignment.app/$(BUNDLE_EXECUTABLE_FOLDER_PATH)/Assignment";
			};
			name = Debug;
		};
		CFAEF245299DD8C2006A9DE0 /* Release */ = {
			isa = XCBuildConfiguration;
			baseConfigurationReference = 8552EE0CC7A7CA6EEF66969C /* Pods-AssignmentTests.release.xcconfig */;
			buildSettings = {
				ALWAYS_EMBED_SWIFT_STANDARD_LIBRARIES = YES;
				BUNDLE_LOADER = "$(TEST_HOST)";
				CODE_SIGN_STYLE = Automatic;
				CURRENT_PROJECT_VERSION = 1;
				DEVELOPMENT_TEAM = M7QY569K4A;
				GENERATE_INFOPLIST_FILE = YES;
				IPHONEOS_DEPLOYMENT_TARGET = 11.0;
				MARKETING_VERSION = 1.0;
				PRODUCT_BUNDLE_IDENTIFIER = com.bailey.AssignmentTests;
				PRODUCT_NAME = "$(TARGET_NAME)";
				SWIFT_EMIT_LOC_STRINGS = NO;
				SWIFT_VERSION = 5.0;
				TARGETED_DEVICE_FAMILY = "1,2";
				TEST_HOST = "$(BUILT_PRODUCTS_DIR)/Assignment.app/$(BUNDLE_EXECUTABLE_FOLDER_PATH)/Assignment";
			};
			name = Release;
		};
		CFAEF247299DD8C2006A9DE0 /* Debug */ = {
			isa = XCBuildConfiguration;
			baseConfigurationReference = 3031201B9B93AC075CD50B1F /* Pods-Assignment-AssignmentUITests.debug.xcconfig */;
			buildSettings = {
				ALWAYS_EMBED_SWIFT_STANDARD_LIBRARIES = YES;
				CODE_SIGN_STYLE = Automatic;
				CURRENT_PROJECT_VERSION = 1;
				DEVELOPMENT_TEAM = M7QY569K4A;
				GENERATE_INFOPLIST_FILE = YES;
				IPHONEOS_DEPLOYMENT_TARGET = 11.0;
				MARKETING_VERSION = 1.0;
				PRODUCT_BUNDLE_IDENTIFIER = com.bailey.AssignmentUITests;
				PRODUCT_NAME = "$(TARGET_NAME)";
				SWIFT_EMIT_LOC_STRINGS = NO;
				SWIFT_VERSION = 5.0;
				TARGETED_DEVICE_FAMILY = "1,2";
				TEST_TARGET_NAME = Assignment;
			};
			name = Debug;
		};
		CFAEF248299DD8C2006A9DE0 /* Release */ = {
			isa = XCBuildConfiguration;
			baseConfigurationReference = BDB3CDCA99E1A88AC20A43F6 /* Pods-Assignment-AssignmentUITests.release.xcconfig */;
			buildSettings = {
				ALWAYS_EMBED_SWIFT_STANDARD_LIBRARIES = YES;
				CODE_SIGN_STYLE = Automatic;
				CURRENT_PROJECT_VERSION = 1;
				DEVELOPMENT_TEAM = M7QY569K4A;
				GENERATE_INFOPLIST_FILE = YES;
				IPHONEOS_DEPLOYMENT_TARGET = 11.0;
				MARKETING_VERSION = 1.0;
				PRODUCT_BUNDLE_IDENTIFIER = com.bailey.AssignmentUITests;
				PRODUCT_NAME = "$(TARGET_NAME)";
				SWIFT_EMIT_LOC_STRINGS = NO;
				SWIFT_VERSION = 5.0;
				TARGETED_DEVICE_FAMILY = "1,2";
				TEST_TARGET_NAME = Assignment;
			};
			name = Release;
		};
/* End XCBuildConfiguration section */

/* Begin XCConfigurationList section */
		CFAEF211299DD8BF006A9DE0 /* Build configuration list for PBXProject "Assignment" */ = {
			isa = XCConfigurationList;
			buildConfigurations = (
				CFAEF23E299DD8C2006A9DE0 /* Debug */,
				CFAEF23F299DD8C2006A9DE0 /* Release */,
			);
			defaultConfigurationIsVisible = 0;
			defaultConfigurationName = Release;
		};
		CFAEF240299DD8C2006A9DE0 /* Build configuration list for PBXNativeTarget "Assignment" */ = {
			isa = XCConfigurationList;
			buildConfigurations = (
				CFAEF241299DD8C2006A9DE0 /* Debug */,
				CFAEF242299DD8C2006A9DE0 /* Release */,
			);
			defaultConfigurationIsVisible = 0;
			defaultConfigurationName = Release;
		};
		CFAEF243299DD8C2006A9DE0 /* Build configuration list for PBXNativeTarget "AssignmentTests" */ = {
			isa = XCConfigurationList;
			buildConfigurations = (
				CFAEF244299DD8C2006A9DE0 /* Debug */,
				CFAEF245299DD8C2006A9DE0 /* Release */,
			);
			defaultConfigurationIsVisible = 0;
			defaultConfigurationName = Release;
		};
		CFAEF246299DD8C2006A9DE0 /* Build configuration list for PBXNativeTarget "AssignmentUITests" */ = {
			isa = XCConfigurationList;
			buildConfigurations = (
				CFAEF247299DD8C2006A9DE0 /* Debug */,
				CFAEF248299DD8C2006A9DE0 /* Release */,
			);
			defaultConfigurationIsVisible = 0;
			defaultConfigurationName = Release;
		};
/* End XCConfigurationList section */
	};
	rootObject = CFAEF20E299DD8BF006A9DE0 /* Project object */;
}
